<?xml version="1.0" encoding="utf-8"?>
<Project ToolsVersion="4.0" xmlns="http://schemas.microsoft.com/developer/msbuild/2003">
  <ItemGroup>
    <ClCompile Include="VampireSurvivorsGame.cpp" />
    <ClCompile Include="PlayLevel.cpp">
      <Filter>0.Level</Filter>
    </ClCompile>
    <ClCompile Include="TitleLevel.cpp">
      <Filter>0.Level</Filter>
    </ClCompile>
    <ClCompile Include="TitleBackGround.cpp">
      <Filter>1.Intro~Title</Filter>
    </ClCompile>
    <ClCompile Include="Library.cpp">
      <Filter>2.Play\Map</Filter>
    </ClCompile>
    <ClCompile Include="Player.cpp">
      <Filter>2.Play\Player</Filter>
    </ClCompile>
    <ClCompile Include="ResultLevel.cpp">
      <Filter>0.Level</Filter>
    </ClCompile>
    <ClCompile Include="ResultBoard.cpp">
      <Filter>3.Result</Filter>
    </ClCompile>
    <ClCompile Include="Projectile.cpp">
      <Filter>2.Play\Projectile</Filter>
    </ClCompile>
    <ClCompile Include="Enemy.cpp">
      <Filter>2.Play\Enemies</Filter>
    </ClCompile>
    <ClCompile Include="Character.cpp">
      <Filter>Global</Filter>
    </ClCompile>
    <ClCompile Include="ExpBar.cpp">
      <Filter>2.Play\UI</Filter>
    </ClCompile>
    <ClCompile Include="Coin.cpp">
      <Filter>2.Play\Item</Filter>
    </ClCompile>
    <ClCompile Include="WeaponSlots.cpp">
      <Filter>2.Play\UI</Filter>
    </ClCompile>
    <ClCompile Include="CoinUI.cpp">
      <Filter>2.Play\UI</Filter>
    </ClCompile>
    <ClCompile Include="LevelUI.cpp">
      <Filter>2.Play\UI</Filter>
    </ClCompile>
    <ClCompile Include="TimerUI.cpp">
      <Filter>2.Play\UI</Filter>
    </ClCompile>
    <ClCompile Include="KillCountUI.cpp">
      <Filter>2.Play\UI</Filter>
    </ClCompile>
    <ClCompile Include="Player_State.cpp">
      <Filter>2.Play\Player</Filter>
    </ClCompile>
    <ClCompile Include="Vector2D.cpp">
      <Filter>Global</Filter>
    </ClCompile>
    <ClCompile Include="ShadeRed.cpp">
      <Filter>2.Play\Enemies</Filter>
    </ClCompile>
    <ClCompile Include="ProjectileShooter.cpp">
      <Filter>2.Play\Projectile</Filter>
    </ClCompile>
    <ClCompile Include="Timer.cpp">
      <Filter>2.Play\Projectile\Timer</Filter>
    </ClCompile>
    <ClCompile Include="GameInfo.cpp">
      <Filter>Global</Filter>
    </ClCompile>
    <ClCompile Include="ExpGem.cpp">
      <Filter>2.Play\Item</Filter>
    </ClCompile>
    <ClCompile Include="PauseUI.cpp">
      <Filter>2.Play\UI</Filter>
    </ClCompile>
    <ClCompile Include="LevelUpUI.cpp">
      <Filter>2.Play\UI</Filter>
    </ClCompile>
    <ClCompile Include="StatUI.cpp">
      <Filter>2.Play\UI</Filter>
    </ClCompile>
    <ClCompile Include="LevelUpBox.cpp">
      <Filter>2.Play\Item</Filter>
    </ClCompile>
    <ClCompile Include="IntroLevel.cpp">
      <Filter>0.Level</Filter>
    </ClCompile>
    <ClCompile Include="Intro.cpp">
      <Filter>1.Intro~Title</Filter>
    </ClCompile>
    <ClCompile Include="Counter.cpp">
      <Filter>Global</Filter>
    </ClCompile>
    <ClCompile Include="GameStartMenu.cpp">
      <Filter>1.Intro~Title</Filter>
    </ClCompile>
    <ClCompile Include="EnemyController.cpp">
      <Filter>2.Play\Enemies</Filter>
    </ClCompile>
    <ClCompile Include="Arrow.cpp">
      <Filter>Global</Filter>
    </ClCompile>
    <ClCompile Include="Boss.cpp">
      <Filter>2.Play\Enemies</Filter>
    </ClCompile>
  </ItemGroup>
  <ItemGroup>
    <ClInclude Include="VampireSurvivorsGame.h" />
    <ClInclude Include="PlayLevel.h">
      <Filter>0.Level</Filter>
    </ClInclude>
    <ClInclude Include="TitleLevel.h">
      <Filter>0.Level</Filter>
    </ClInclude>
    <ClInclude Include="TitleBackGround.h">
      <Filter>1.Intro~Title</Filter>
    </ClInclude>
    <ClInclude Include="Library.h">
      <Filter>2.Play\Map</Filter>
    </ClInclude>
    <ClInclude Include="Player.h">
      <Filter>2.Play\Player</Filter>
    </ClInclude>
    <ClInclude Include="ResultLevel.h">
      <Filter>0.Level</Filter>
    </ClInclude>
    <ClInclude Include="ResultBoard.h">
      <Filter>3.Result</Filter>
    </ClInclude>
    <ClInclude Include="Projectile.h">
      <Filter>2.Play\Projectile</Filter>
    </ClInclude>
    <ClInclude Include="Enemy.h">
      <Filter>2.Play\Enemies</Filter>
    </ClInclude>
    <ClInclude Include="Character.h">
      <Filter>Global</Filter>
    </ClInclude>
    <ClInclude Include="ExpBar.h">
      <Filter>2.Play\UI</Filter>
    </ClInclude>
    <ClInclude Include="Coin.h">
      <Filter>2.Play\Item</Filter>
    </ClInclude>
    <ClInclude Include="WeaponSlots.h">
      <Filter>2.Play\UI</Filter>
    </ClInclude>
    <ClInclude Include="CoinUI.h">
      <Filter>2.Play\UI</Filter>
    </ClInclude>
    <ClInclude Include="LevelUI.h">
      <Filter>2.Play\UI</Filter>
    </ClInclude>
    <ClInclude Include="TimerUI.h">
      <Filter>2.Play\UI</Filter>
    </ClInclude>
    <ClInclude Include="KillCountUI.h">
      <Filter>2.Play\UI</Filter>
    </ClInclude>
    <ClInclude Include="Vector2D.h">
      <Filter>Global</Filter>
    </ClInclude>
    <ClInclude Include="ShadeRed.h">
      <Filter>2.Play\Enemies</Filter>
    </ClInclude>
    <ClInclude Include="ProjectileShooter.h">
      <Filter>2.Play\Projectile</Filter>
    </ClInclude>
    <ClInclude Include="GameEnum.h">
      <Filter>Global</Filter>
    </ClInclude>
    <ClInclude Include="Timer.h">
      <Filter>2.Play\Projectile\Timer</Filter>
    </ClInclude>
    <ClInclude Include="GameInfo.h">
      <Filter>Global</Filter>
    </ClInclude>
    <ClInclude Include="ExpGem.h">
      <Filter>2.Play\Item</Filter>
    </ClInclude>
    <ClInclude Include="PauseUI.h">
      <Filter>2.Play\UI</Filter>
    </ClInclude>
    <ClInclude Include="LevelUpUI.h">
      <Filter>2.Play\UI</Filter>
    </ClInclude>
    <ClInclude Include="StatUI.h">
      <Filter>2.Play\UI</Filter>
    </ClInclude>
    <ClInclude Include="PlayLevelContents.h">
      <Filter>0.Level</Filter>
    </ClInclude>
    <ClInclude Include="LevelUpBox.h">
      <Filter>2.Play\Item</Filter>
    </ClInclude>
    <ClInclude Include="Skill_Stat.h">
      <Filter>Global</Filter>
    </ClInclude>
    <ClInclude Include="IntroLevel.h">
      <Filter>0.Level</Filter>
    </ClInclude>
    <ClInclude Include="Intro.h">
      <Filter>1.Intro~Title</Filter>
    </ClInclude>
    <ClInclude Include="Counter.h">
      <Filter>Global</Filter>
    </ClInclude>
    <ClInclude Include="GameStartMenu.h">
      <Filter>1.Intro~Title</Filter>
    </ClInclude>
    <ClInclude Include="EnemyController.h">
      <Filter>2.Play\Enemies</Filter>
    </ClInclude>
    <ClInclude Include="Arrow.h">
      <Filter>Global</Filter>
    </ClInclude>
    <ClInclude Include="Boss.h">
      <Filter>2.Play\Enemies</Filter>
    </ClInclude>
  </ItemGroup>
  <ItemGroup>
    <Filter Include="0.Level">
      <UniqueIdentifier>{d98ea108-b567-4d11-9d82-845a7fb321a4}</UniqueIdentifier>
    </Filter>
    <Filter Include="3.Result">
      <UniqueIdentifier>{17c9d227-3ee1-416c-b183-5bd1d146e572}</UniqueIdentifier>
    </Filter>
    <Filter Include="2.Play">
      <UniqueIdentifier>{267bd74e-a014-4cb1-bbc4-5c9c37718be9}</UniqueIdentifier>
    </Filter>
    <Filter Include="2.Play\Enemies">
      <UniqueIdentifier>{d7670c53-db8a-4cea-8baa-63e80cfd5927}</UniqueIdentifier>
    </Filter>
    <Filter Include="2.Play\Map">
      <UniqueIdentifier>{a3ad6481-289c-4513-a081-c8cc07e1ce45}</UniqueIdentifier>
    </Filter>
    <Filter Include="2.Play\Player">
      <UniqueIdentifier>{c18ab25f-cdab-4701-a8ed-9a10a3fd881c}</UniqueIdentifier>
    </Filter>
    <Filter Include="2.Play\Projectile">
      <UniqueIdentifier>{62b75236-71c0-4b9e-89cd-ec9706f7d35c}</UniqueIdentifier>
    </Filter>
    <Filter Include="Global">
      <UniqueIdentifier>{f365aa1a-4da0-4ba1-a327-1504a6728078}</UniqueIdentifier>
    </Filter>
    <Filter Include="2.Play\UI">
      <UniqueIdentifier>{ce325ebb-26fb-49ee-a347-8bcb3163f065}</UniqueIdentifier>
    </Filter>
    <Filter Include="2.Play\Item">
      <UniqueIdentifier>{a1bae2c5-4a5a-4ab0-b76a-7c421ff0dd19}</UniqueIdentifier>
    </Filter>
    <Filter Include="2.Play\Projectile\Timer">
      <UniqueIdentifier>{3af3fe68-9b87-40ba-be00-8cc596b308c6}</UniqueIdentifier>
    </Filter>
    <Filter Include="1.Intro~Title">
      <UniqueIdentifier>{a1af0295-5ec4-49ba-ba07-e0db2f9ac90f}</UniqueIdentifier>
    </Filter>
  </ItemGroup>
</Project>